
Microsoft Visual Studio Solution File, Format Version 12.00
# Visual Studio Version 16
VisualStudioVersion = 16.0.32428.217
MinimumVisualStudioVersion = 10.0.40219.1
Project("{F184B08F-C81C-45F6-A57F-5ABD9991F28F}") = "LCC-SAMS_Project", "LCC-SAMS_Project.vbproj", "{5DB365DC-E417-4438-9053-58F3DEA73D65}"
EndProject
Global
	GlobalSection(SolutionConfigurationPlatforms) = preSolution
		Debug|Any CPU = Debug|Any CPU
		Debug|x86 = Debug|x86
		Release|Any CPU = Release|Any CPU
		Release|x86 = Release|x86
	EndGlobalSection
	GlobalSection(ProjectConfigurationPlatforms) = postSolution
		{5DB365DC-E417-4438-9053-58F3DEA73D65}.Debug|Any CPU.ActiveCfg = Debug|Any CPU
		{5DB365DC-E417-4438-9053-58F3DEA73D65}.Debug|Any CPU.Build.0 = Debug|Any CPU
		{5DB365DC-E417-4438-9053-58F3DEA73D65}.Debug|x86.ActiveCfg = Debug|x86
		{5DB365DC-E417-4438-9053-58F3DEA73D65}.Debug|x86.Build.0 = Debug|x86
		{5DB365DC-E417-4438-9053-58F3DEA73D65}.Release|Any CPU.ActiveCfg = Release|Any CPU
		{5DB365DC-E417-4438-9053-58F3DEA73D65}.Release|Any CPU.Build.0 = Release|Any CPU
		{5DB365DC-E417-4438-9053-58F3DEA73D65}.Release|x86.ActiveCfg = Release|x86
		{5DB365DC-E417-4438-9053-58F3DEA73D65}.Release|x86.Build.0 = Release|x86
	EndGlobalSection
	GlobalSection(SolutionProperties) = preSolution
		HideSolutionNode = FALSE
	EndGlobalSection
	GlobalSection(ExtensibilityGlobals) = postSolution
		SolutionGuid = {C83FFEE8-0AAB-4A8D-95E1-ED6F0CFFFEF8}
	EndGlobalSection
EndGlobal
